
Microsoft Visual Studio Solution File, Format Version 12.00
# Visual Studio Version 17
VisualStudioVersion = 17.10.34607.79
MinimumVisualStudioVersion = 10.0.40219.1
Project("{FAE04EC0-301F-11D3-BF4B-00C04F79EFBC}") = "TalkAzureIAVision.BlazorApp", "TalkAzureIAVision.BlazorApp\TalkAzureIAVision.BlazorApp.csproj", "{7BDA3196-7476-4F7F-B4CA-A12BF38B402A}"
EndProject
Global
	GlobalSection(SolutionConfigurationPlatforms) = preSolution
		Debug|Any CPU = Debug|Any CPU
		Release|Any CPU = Release|Any CPU
	EndGlobalSection
	GlobalSection(ProjectConfigurationPlatforms) = postSolution
		{7BDA3196-7476-4F7F-B4CA-A12BF38B402A}.Debug|Any CPU.ActiveCfg = Debug|Any CPU
		{7BDA3196-7476-4F7F-B4CA-A12BF38B402A}.Debug|Any CPU.Build.0 = Debug|Any CPU
		{7BDA3196-7476-4F7F-B4CA-A12BF38B402A}.Release|Any CPU.ActiveCfg = Release|Any CPU
		{7BDA3196-7476-4F7F-B4CA-A12BF38B402A}.Release|Any CPU.Build.0 = Release|Any CPU
	EndGlobalSection
	GlobalSection(SolutionProperties) = preSolution
		HideSolutionNode = FALSE
	EndGlobalSection
	GlobalSection(ExtensibilityGlobals) = postSolution
		SolutionGuid = {1AEA8E2A-B497-466C-B081-B5CCEC7CBA80}
	EndGlobalSection
EndGlobal
